
Microsoft Visual Studio Solution File, Format Version 12.00
# Visual Studio 15
VisualStudioVersion = 15.0.27130.2010
MinimumVisualStudioVersion = 10.0.40219.1
Project("{9A19103F-16F7-4668-BE54-9A1E7A4F7556}") = "QuickStart", "QuickStart\QuickStart.csproj", "{403A0B52-04D1-44CE-96AE-93B43F5D5C08}"
EndProject
Project("{9A19103F-16F7-4668-BE54-9A1E7A4F7556}") = "格式处理", "格式处理\格式处理.csproj", "{2756DFEA-27B7-44F7-96EF-056E2A2383CB}"
EndProject
Project("{9A19103F-16F7-4668-BE54-9A1E7A4F7556}") = "临时项目", "临时项目\临时项目.csproj", "{ED011502-01CD-4103-89BE-9D52E6D86D64}"
EndProject
Project("{9A19103F-16F7-4668-BE54-9A1E7A4F7556}") = "文件操作", "文件操作\文件操作.csproj", "{2BC3651E-1C66-4097-A54A-597A6875A8B1}"
EndProject
Project("{FAE04EC0-301F-11D3-BF4B-00C04F79EFBC}") = "字符编码", "字符编码\字符编码.csproj", "{92FC7BB2-BF56-4021-924E-1806B533A658}"
EndProject
Global
	GlobalSection(SolutionConfigurationPlatforms) = preSolution
		Debug|Any CPU = Debug|Any CPU
		Release|Any CPU = Release|Any CPU
	EndGlobalSection
	GlobalSection(ProjectConfigurationPlatforms) = postSolution
		{403A0B52-04D1-44CE-96AE-93B43F5D5C08}.Debug|Any CPU.ActiveCfg = Debug|Any CPU
		{403A0B52-04D1-44CE-96AE-93B43F5D5C08}.Debug|Any CPU.Build.0 = Debug|Any CPU
		{403A0B52-04D1-44CE-96AE-93B43F5D5C08}.Release|Any CPU.ActiveCfg = Release|Any CPU
		{403A0B52-04D1-44CE-96AE-93B43F5D5C08}.Release|Any CPU.Build.0 = Release|Any CPU
		{2756DFEA-27B7-44F7-96EF-056E2A2383CB}.Debug|Any CPU.ActiveCfg = Debug|Any CPU
		{2756DFEA-27B7-44F7-96EF-056E2A2383CB}.Debug|Any CPU.Build.0 = Debug|Any CPU
		{2756DFEA-27B7-44F7-96EF-056E2A2383CB}.Release|Any CPU.ActiveCfg = Release|Any CPU
		{2756DFEA-27B7-44F7-96EF-056E2A2383CB}.Release|Any CPU.Build.0 = Release|Any CPU
		{ED011502-01CD-4103-89BE-9D52E6D86D64}.Debug|Any CPU.ActiveCfg = Debug|Any CPU
		{ED011502-01CD-4103-89BE-9D52E6D86D64}.Debug|Any CPU.Build.0 = Debug|Any CPU
		{ED011502-01CD-4103-89BE-9D52E6D86D64}.Release|Any CPU.ActiveCfg = Release|Any CPU
		{ED011502-01CD-4103-89BE-9D52E6D86D64}.Release|Any CPU.Build.0 = Release|Any CPU
		{2BC3651E-1C66-4097-A54A-597A6875A8B1}.Debug|Any CPU.ActiveCfg = Debug|Any CPU
		{2BC3651E-1C66-4097-A54A-597A6875A8B1}.Debug|Any CPU.Build.0 = Debug|Any CPU
		{2BC3651E-1C66-4097-A54A-597A6875A8B1}.Release|Any CPU.ActiveCfg = Release|Any CPU
		{2BC3651E-1C66-4097-A54A-597A6875A8B1}.Release|Any CPU.Build.0 = Release|Any CPU
		{92FC7BB2-BF56-4021-924E-1806B533A658}.Debug|Any CPU.ActiveCfg = Debug|Any CPU
		{92FC7BB2-BF56-4021-924E-1806B533A658}.Debug|Any CPU.Build.0 = Debug|Any CPU
		{92FC7BB2-BF56-4021-924E-1806B533A658}.Release|Any CPU.ActiveCfg = Release|Any CPU
		{92FC7BB2-BF56-4021-924E-1806B533A658}.Release|Any CPU.Build.0 = Release|Any CPU
	EndGlobalSection
	GlobalSection(SolutionProperties) = preSolution
		HideSolutionNode = FALSE
	EndGlobalSection
	GlobalSection(ExtensibilityGlobals) = postSolution
		SolutionGuid = {64A4D371-60F7-4EF1-8164-1585920BFB96}
	EndGlobalSection
EndGlobal
