
Microsoft Visual Studio Solution File, Format Version 12.00
# Visual Studio 15
VisualStudioVersion = 15.0.27130.2010
MinimumVisualStudioVersion = 10.0.40219.1
Project("{9A19103F-16F7-4668-BE54-9A1E7A4F7556}") = "QuickStart", "QuickStart\QuickStart.csproj", "{403A0B52-04D1-44CE-96AE-93B43F5D5C08}"
EndProject
Project("{9A19103F-16F7-4668-BE54-9A1E7A4F7556}") = "格式处理", "格式处理\格式处理.csproj", "{2756DFEA-27B7-44F7-96EF-056E2A2383CB}"
EndProject
Project("{9A19103F-16F7-4668-BE54-9A1E7A4F7556}") = "临时项目", "临时项目\临时项目.csproj", "{ED011502-01CD-4103-89BE-9D52E6D86D64}"
EndProject
Project("{9A19103F-16F7-4668-BE54-9A1E7A4F7556}") = "文件操作", "文件操作\文件操作.csproj", "{2BC3651E-1C66-4097-A54A-597A6875A8B1}"
EndProject
Project("{9A19103F-16F7-4668-BE54-9A1E7A4F7556}") = "字符编码", "字符编码\字符编码.csproj", "{92FC7BB2-BF56-4021-924E-1806B533A658}"
EndProject
Project("{9A19103F-16F7-4668-BE54-9A1E7A4F7556}") = "Linq示例", "Linq示例\Linq示例.csproj", "{CFCFC045-5E68-4362-8ECA-297500ACA7E8}"
EndProject
Project("{9A19103F-16F7-4668-BE54-9A1E7A4F7556}") = "http请求", "http请求\http请求.csproj", "{1E776056-3229-4F7B-BB1B-869BAEFC0747}"
EndProject
Project("{9A19103F-16F7-4668-BE54-9A1E7A4F7556}") = "多线程与异步", "多线程与异步\多线程与异步.csproj", "{2B30DD8D-E3B4-4086-97C9-6B1B389C7B23}"
EndProject
Project("{9A19103F-16F7-4668-BE54-9A1E7A4F7556}") = "序列化", "序列化\序列化.csproj", "{1E4717F3-A871-4239-A4BF-4639E46E5129}"
EndProject
Project("{FAE04EC0-301F-11D3-BF4B-00C04F79EFBC}") = "database", "database\database.csproj", "{88F30F0D-06DE-4972-A5E8-EED9C4265F4F}"
EndProject
Global
	GlobalSection(SolutionConfigurationPlatforms) = preSolution
		Debug|Any CPU = Debug|Any CPU
		Release|Any CPU = Release|Any CPU
	EndGlobalSection
	GlobalSection(ProjectConfigurationPlatforms) = postSolution
		{403A0B52-04D1-44CE-96AE-93B43F5D5C08}.Debug|Any CPU.ActiveCfg = Debug|Any CPU
		{403A0B52-04D1-44CE-96AE-93B43F5D5C08}.Debug|Any CPU.Build.0 = Debug|Any CPU
		{403A0B52-04D1-44CE-96AE-93B43F5D5C08}.Release|Any CPU.ActiveCfg = Release|Any CPU
		{403A0B52-04D1-44CE-96AE-93B43F5D5C08}.Release|Any CPU.Build.0 = Release|Any CPU
		{2756DFEA-27B7-44F7-96EF-056E2A2383CB}.Debug|Any CPU.ActiveCfg = Debug|Any CPU
		{2756DFEA-27B7-44F7-96EF-056E2A2383CB}.Debug|Any CPU.Build.0 = Debug|Any CPU
		{2756DFEA-27B7-44F7-96EF-056E2A2383CB}.Release|Any CPU.ActiveCfg = Release|Any CPU
		{2756DFEA-27B7-44F7-96EF-056E2A2383CB}.Release|Any CPU.Build.0 = Release|Any CPU
		{ED011502-01CD-4103-89BE-9D52E6D86D64}.Debug|Any CPU.ActiveCfg = Debug|Any CPU
		{ED011502-01CD-4103-89BE-9D52E6D86D64}.Debug|Any CPU.Build.0 = Debug|Any CPU
		{ED011502-01CD-4103-89BE-9D52E6D86D64}.Release|Any CPU.ActiveCfg = Release|Any CPU
		{ED011502-01CD-4103-89BE-9D52E6D86D64}.Release|Any CPU.Build.0 = Release|Any CPU
		{2BC3651E-1C66-4097-A54A-597A6875A8B1}.Debug|Any CPU.ActiveCfg = Debug|Any CPU
		{2BC3651E-1C66-4097-A54A-597A6875A8B1}.Debug|Any CPU.Build.0 = Debug|Any CPU
		{2BC3651E-1C66-4097-A54A-597A6875A8B1}.Release|Any CPU.ActiveCfg = Release|Any CPU
		{2BC3651E-1C66-4097-A54A-597A6875A8B1}.Release|Any CPU.Build.0 = Release|Any CPU
		{92FC7BB2-BF56-4021-924E-1806B533A658}.Debug|Any CPU.ActiveCfg = Debug|Any CPU
		{92FC7BB2-BF56-4021-924E-1806B533A658}.Debug|Any CPU.Build.0 = Debug|Any CPU
		{92FC7BB2-BF56-4021-924E-1806B533A658}.Release|Any CPU.ActiveCfg = Release|Any CPU
		{92FC7BB2-BF56-4021-924E-1806B533A658}.Release|Any CPU.Build.0 = Release|Any CPU
		{CFCFC045-5E68-4362-8ECA-297500ACA7E8}.Debug|Any CPU.ActiveCfg = Debug|Any CPU
		{CFCFC045-5E68-4362-8ECA-297500ACA7E8}.Debug|Any CPU.Build.0 = Debug|Any CPU
		{CFCFC045-5E68-4362-8ECA-297500ACA7E8}.Release|Any CPU.ActiveCfg = Release|Any CPU
		{CFCFC045-5E68-4362-8ECA-297500ACA7E8}.Release|Any CPU.Build.0 = Release|Any CPU
		{1E776056-3229-4F7B-BB1B-869BAEFC0747}.Debug|Any CPU.ActiveCfg = Debug|Any CPU
		{1E776056-3229-4F7B-BB1B-869BAEFC0747}.Debug|Any CPU.Build.0 = Debug|Any CPU
		{1E776056-3229-4F7B-BB1B-869BAEFC0747}.Release|Any CPU.ActiveCfg = Release|Any CPU
		{1E776056-3229-4F7B-BB1B-869BAEFC0747}.Release|Any CPU.Build.0 = Release|Any CPU
		{2B30DD8D-E3B4-4086-97C9-6B1B389C7B23}.Debug|Any CPU.ActiveCfg = Debug|Any CPU
		{2B30DD8D-E3B4-4086-97C9-6B1B389C7B23}.Debug|Any CPU.Build.0 = Debug|Any CPU
		{2B30DD8D-E3B4-4086-97C9-6B1B389C7B23}.Release|Any CPU.ActiveCfg = Release|Any CPU
		{2B30DD8D-E3B4-4086-97C9-6B1B389C7B23}.Release|Any CPU.Build.0 = Release|Any CPU
		{1E4717F3-A871-4239-A4BF-4639E46E5129}.Debug|Any CPU.ActiveCfg = Debug|Any CPU
		{1E4717F3-A871-4239-A4BF-4639E46E5129}.Debug|Any CPU.Build.0 = Debug|Any CPU
		{1E4717F3-A871-4239-A4BF-4639E46E5129}.Release|Any CPU.ActiveCfg = Release|Any CPU
		{1E4717F3-A871-4239-A4BF-4639E46E5129}.Release|Any CPU.Build.0 = Release|Any CPU
		{88F30F0D-06DE-4972-A5E8-EED9C4265F4F}.Debug|Any CPU.ActiveCfg = Debug|Any CPU
		{88F30F0D-06DE-4972-A5E8-EED9C4265F4F}.Debug|Any CPU.Build.0 = Debug|Any CPU
		{88F30F0D-06DE-4972-A5E8-EED9C4265F4F}.Release|Any CPU.ActiveCfg = Release|Any CPU
		{88F30F0D-06DE-4972-A5E8-EED9C4265F4F}.Release|Any CPU.Build.0 = Release|Any CPU
	EndGlobalSection
	GlobalSection(SolutionProperties) = preSolution
		HideSolutionNode = FALSE
	EndGlobalSection
	GlobalSection(ExtensibilityGlobals) = postSolution
		SolutionGuid = {64A4D371-60F7-4EF1-8164-1585920BFB96}
	EndGlobalSection
EndGlobal
