
Microsoft Visual Studio Solution File, Format Version 12.00
# Visual Studio 15
VisualStudioVersion = 15.0.27130.2010
MinimumVisualStudioVersion = 10.0.40219.1
Project("{9A19103F-16F7-4668-BE54-9A1E7A4F7556}") = "QuickStart", "QuickStart\QuickStart.csproj", "{403A0B52-04D1-44CE-96AE-93B43F5D5C08}"
EndProject
Project("{FAE04EC0-301F-11D3-BF4B-00C04F79EFBC}") = "格式处理", "格式处理\格式处理.csproj", "{2756DFEA-27B7-44F7-96EF-056E2A2383CB}"
EndProject
Global
	GlobalSection(SolutionConfigurationPlatforms) = preSolution
		Debug|Any CPU = Debug|Any CPU
		Release|Any CPU = Release|Any CPU
	EndGlobalSection
	GlobalSection(ProjectConfigurationPlatforms) = postSolution
		{403A0B52-04D1-44CE-96AE-93B43F5D5C08}.Debug|Any CPU.ActiveCfg = Debug|Any CPU
		{403A0B52-04D1-44CE-96AE-93B43F5D5C08}.Debug|Any CPU.Build.0 = Debug|Any CPU
		{403A0B52-04D1-44CE-96AE-93B43F5D5C08}.Release|Any CPU.ActiveCfg = Release|Any CPU
		{403A0B52-04D1-44CE-96AE-93B43F5D5C08}.Release|Any CPU.Build.0 = Release|Any CPU
		{2756DFEA-27B7-44F7-96EF-056E2A2383CB}.Debug|Any CPU.ActiveCfg = Debug|Any CPU
		{2756DFEA-27B7-44F7-96EF-056E2A2383CB}.Debug|Any CPU.Build.0 = Debug|Any CPU
		{2756DFEA-27B7-44F7-96EF-056E2A2383CB}.Release|Any CPU.ActiveCfg = Release|Any CPU
		{2756DFEA-27B7-44F7-96EF-056E2A2383CB}.Release|Any CPU.Build.0 = Release|Any CPU
	EndGlobalSection
	GlobalSection(SolutionProperties) = preSolution
		HideSolutionNode = FALSE
	EndGlobalSection
	GlobalSection(ExtensibilityGlobals) = postSolution
		SolutionGuid = {64A4D371-60F7-4EF1-8164-1585920BFB96}
	EndGlobalSection
EndGlobal
